[{<<"goldrush">>,
  {git,"git://github.com/DeadZen/goldrush.git",
       {ref,"71e63212f12c25827e0c1b4198d37d5d018a7fec"}},
  3},
 {<<"zipper">>,
  {git,"git://github.com/inaka/zipper.git",
       {ref,"196b1cb3f9b4075edf9f640e5cefdf3d7a771d14"}},
  2},
 {<<"meck">>,
  {git,"git://github.com/eproxus/meck.git",
       {ref,"dde759050eff19a1a80fd854d7375174b191665d"}},
  2},
 {<<"lager">>,
  {git,"git://github.com/basho/lager.git",
       {ref,"169cffd94759e99e2e8870b125861a91e3c1482a"}},
  2},
 {<<"ibrowse">>,
  {git,"git://github.com/cmullaparthi/ibrowse.git",
       {ref,"d2e369ff42666c3574b8b7ec26f69027895c4d94"}},
  2},
 {<<"getopt">>,
  {git,"git://github.com/jcomellas/getopt.git",
       {ref,"388dc95caa7fb97ec7db8cfc39246a36aba61bd8"}},
  2},
 {<<"egithub">>,
  {git,"git://github.com/inaka/erlang-github.git",
       {ref,"2b8e5296f3be4871abdb979b0c80ea08744e5de3"}},
  2},
 {<<"aleppo">>,
  {git,"git://github.com/inaka/aleppo.git",
       {ref,"95e7bc6a2ff0de0cde4d0af353ae86d7dea03095"}},
  2},
 {<<"sync">>,
  {git,"https://github.com/inaka/sync.git",
       {ref,"4dbe32bb49890d20018207b4a8a4a5db6ae1b9fd"}},
  1},
 {<<"katana">>,
  {git,"https://github.com/inaka/erlang-katana.git",
       {ref,"3b63640fdfccf286fde9344cda3a6d0c5a8c4c45"}},
  1},
 {<<"eper">>,
  {git,"https://github.com/massemanet/eper.git",
       {ref,"2a946220dd78bee759b39bce8194d8ae4d7912f8"}},
  1},
 {<<"elvis">>,
  {git,"https://github.com/inaka/elvis.git",
       {ref,"ebf07d9608ab8be20ee576068bff544e9d29a912"}},
  1},
 {<<"jiffy">>,
  {git,"git://github.com/davisp/jiffy.git",
       {ref,"801f9e72995eb72b303018885137ad8afbf1fb2b"}},
  0},
 {<<"elli">>,
  {git,"git://github.com/knutin/elli.git",
       {ref,"00cc395a17040d2cce1ea549b5def1d4b493c6d8"}},
  0},
 {<<"apns">>,
  {git,"git://github.com/inaka/apns4erl",
       {ref,"3556b1021c307c9b901d599d0d22474a72d4d6c6"}},
  0}].
